
Microsoft Visual Studio Solution File, Format Version 12.00
# Visual Studio Version 16
VisualStudioVersion = 16.0.32901.82
MinimumVisualStudioVersion = 10.0.40219.1
Project("{8BC9CEB8-8B4A-11D0-8D11-00A0C91BC942}") = "ColaManRenderer", "ColaManRenderer\ColaManRenderer.vcxproj", "{235D6D59-21B7-454C-8B7C-954020395B3C}"
EndProject
Project("{8BC9CEB8-8B4A-11D0-8D11-00A0C91BC942}") = "Test", "Test\Test.vcxproj", "{09DA9CA4-746A-47A5-85B7-2733A0017AD5}"
	ProjectSection(ProjectDependencies) = postProject
		{235D6D59-21B7-454C-8B7C-954020395B3C} = {235D6D59-21B7-454C-8B7C-954020395B3C}
	EndProjectSection
EndProject
Global
	GlobalSection(SolutionConfigurationPlatforms) = preSolution
		Debug|x64 = Debug|x64
		Debug|x86 = Debug|x86
		Release|x64 = Release|x64
		Release|x86 = Release|x86
	EndGlobalSection
	GlobalSection(ProjectConfigurationPlatforms) = postSolution
		{235D6D59-21B7-454C-8B7C-954020395B3C}.Debug|x64.ActiveCfg = Debug|x64
		{235D6D59-21B7-454C-8B7C-954020395B3C}.Debug|x64.Build.0 = Debug|x64
		{235D6D59-21B7-454C-8B7C-954020395B3C}.Debug|x86.ActiveCfg = Debug|Win32
		{235D6D59-21B7-454C-8B7C-954020395B3C}.Debug|x86.Build.0 = Debug|Win32
		{235D6D59-21B7-454C-8B7C-954020395B3C}.Release|x64.ActiveCfg = Release|x64
		{235D6D59-21B7-454C-8B7C-954020395B3C}.Release|x64.Build.0 = Release|x64
		{235D6D59-21B7-454C-8B7C-954020395B3C}.Release|x86.ActiveCfg = Release|Win32
		{235D6D59-21B7-454C-8B7C-954020395B3C}.Release|x86.Build.0 = Release|Win32
		{09DA9CA4-746A-47A5-85B7-2733A0017AD5}.Debug|x64.ActiveCfg = Debug|x64
		{09DA9CA4-746A-47A5-85B7-2733A0017AD5}.Debug|x64.Build.0 = Debug|x64
		{09DA9CA4-746A-47A5-85B7-2733A0017AD5}.Debug|x86.ActiveCfg = Debug|Win32
		{09DA9CA4-746A-47A5-85B7-2733A0017AD5}.Debug|x86.Build.0 = Debug|Win32
		{09DA9CA4-746A-47A5-85B7-2733A0017AD5}.Release|x64.ActiveCfg = Release|x64
		{09DA9CA4-746A-47A5-85B7-2733A0017AD5}.Release|x64.Build.0 = Release|x64
		{09DA9CA4-746A-47A5-85B7-2733A0017AD5}.Release|x86.ActiveCfg = Release|Win32
		{09DA9CA4-746A-47A5-85B7-2733A0017AD5}.Release|x86.Build.0 = Release|Win32
	EndGlobalSection
	GlobalSection(SolutionProperties) = preSolution
		HideSolutionNode = FALSE
	EndGlobalSection
	GlobalSection(ExtensibilityGlobals) = postSolution
		SolutionGuid = {6FC41BAD-70E0-4B3C-A6A1-87693CE3C3EE}
	EndGlobalSection
EndGlobal
