<?xml version="1.0" encoding="utf-8"?>
<Project ToolsVersion="4.0" xmlns="http://schemas.microsoft.com/developer/msbuild/2003">
  <ItemGroup>
    <Filter Include="源文件">
      <UniqueIdentifier>{4FC737F1-C7A5-4376-A066-2A32D752A2FF}</UniqueIdentifier>
      <Extensions>cpp;c;cc;cxx;c++;cppm;ixx;def;odl;idl;hpj;bat;asm;asmx</Extensions>
    </Filter>
    <Filter Include="头文件">
      <UniqueIdentifier>{93995380-89BD-4b04-88EB-625FBE52EBFB}</UniqueIdentifier>
      <Extensions>h;hh;hpp;hxx;h++;hm;inl;inc;ipp;xsd</Extensions>
    </Filter>
    <Filter Include="资源文件">
      <UniqueIdentifier>{67DA6AB6-F800-4c08-8B7A-83BB121AAD01}</UniqueIdentifier>
      <Extensions>rc;ico;cur;bmp;dlg;rc2;rct;bin;rgs;gif;jpg;jpeg;jpe;resx;tiff;tif;png;wav;mfcribbon-ms</Extensions>
    </Filter>
  </ItemGroup>
  <ItemGroup>
    <ClCompile Include="Source\Component\CComponent.cpp">
      <Filter>源文件</Filter>
    </ClCompile>
    <ClCompile Include="Source\D3D12\D3D12Buffer.cpp">
      <Filter>源文件</Filter>
    </ClCompile>
    <ClCompile Include="Source\D3D12\D3D12CommandContext.cpp">
      <Filter>源文件</Filter>
    </ClCompile>
    <ClCompile Include="Source\D3D12\D3D12DescriptorCache.cpp">
      <Filter>源文件</Filter>
    </ClCompile>
    <ClCompile Include="Source\D3D12\D3D12Device.cpp">
      <Filter>源文件</Filter>
    </ClCompile>
    <ClCompile Include="Source\D3D12\D3D12HeapSlotAllocator.cpp">
      <Filter>源文件</Filter>
    </ClCompile>
    <ClCompile Include="Source\D3D12\D3D12RHI.cpp">
      <Filter>源文件</Filter>
    </ClCompile>
    <ClCompile Include="Source\D3D12\D3D12Texture.cpp">
      <Filter>源文件</Filter>
    </ClCompile>
    <ClCompile Include="Source\D3D12\D3D12Utils.cpp">
      <Filter>源文件</Filter>
    </ClCompile>
    <ClCompile Include="Source\D3D12\D3D12Resource.cpp">
      <Filter>源文件</Filter>
    </ClCompile>
    <ClCompile Include="Source\D3D12\D3D12View.cpp">
      <Filter>源文件</Filter>
    </ClCompile>
    <ClCompile Include="Source\D3D12\D3D12Viewport.cpp">
      <Filter>源文件</Filter>
    </ClCompile>
    <ClCompile Include="Source\File\BinaryReader.cpp">
      <Filter>源文件</Filter>
    </ClCompile>
    <ClCompile Include="Source\File\BinarySaver.cpp">
      <Filter>源文件</Filter>
    </ClCompile>
    <ClCompile Include="Source\Math\Math.cpp">
      <Filter>源文件</Filter>
    </ClCompile>
    <ClCompile Include="Source\Math\Transform.cpp">
      <Filter>源文件</Filter>
    </ClCompile>
    <ClCompile Include="Source\Shader\Shader.cpp">
      <Filter>源文件</Filter>
    </ClCompile>
    <ClCompile Include="Source\TextureLoader\DDSTextureLoader.cpp">
      <Filter>源文件</Filter>
    </ClCompile>
    <ClCompile Include="Source\TextureLoader\HDRTextureLoader.cpp">
      <Filter>源文件</Filter>
    </ClCompile>
    <ClCompile Include="Source\TextureLoader\WICTextureLoader.cpp">
      <Filter>源文件</Filter>
    </ClCompile>
    <ClCompile Include="Source\Texture\Texture.cpp">
      <Filter>源文件</Filter>
    </ClCompile>
    <ClCompile Include="Source\Texture\TextureRepository.cpp">
      <Filter>源文件</Filter>
    </ClCompile>
  </ItemGroup>
  <ItemGroup>
    <ClInclude Include="Source\Component\CComponent.h">
      <Filter>头文件</Filter>
    </ClInclude>
    <ClInclude Include="Source\D3D12\D3D12Buffer.h">
      <Filter>头文件</Filter>
    </ClInclude>
    <ClInclude Include="Source\D3D12\D3D12CommandContext.h">
      <Filter>头文件</Filter>
    </ClInclude>
    <ClInclude Include="Source\D3D12\D3D12DescriptorCache.h">
      <Filter>头文件</Filter>
    </ClInclude>
    <ClInclude Include="Source\D3D12\D3D12Device.h">
      <Filter>头文件</Filter>
    </ClInclude>
    <ClInclude Include="Source\D3D12\D3D12HeapSlotAllocator.h">
      <Filter>头文件</Filter>
    </ClInclude>
    <ClInclude Include="Source\D3D12\D3D12MemoryAllocator.cpp">
      <Filter>源文件</Filter>
    </ClInclude>
    <ClInclude Include="Source\D3D12\D3D12MemoryAllocator.h">
      <Filter>头文件</Filter>
    </ClInclude>
    <ClInclude Include="Source\D3D12\D3D12RHI.h">
      <Filter>头文件</Filter>
    </ClInclude>
    <ClInclude Include="Source\D3D12\D3D12Texture.h">
      <Filter>头文件</Filter>
    </ClInclude>
    <ClInclude Include="Source\D3D12\D3D12Utils.h">
      <Filter>头文件</Filter>
    </ClInclude>
    <ClInclude Include="Source\D3D12\D3D12Resource.h">
      <Filter>头文件</Filter>
    </ClInclude>
    <ClInclude Include="Source\D3D12\D3D12View.h">
      <Filter>头文件</Filter>
    </ClInclude>
    <ClInclude Include="Source\D3D12\D3D12Viewport.h">
      <Filter>头文件</Filter>
    </ClInclude>
    <ClInclude Include="Source\D3D12\d3dx12.h">
      <Filter>头文件</Filter>
    </ClInclude>
    <ClInclude Include="Source\File\BinaryReader.h">
      <Filter>头文件</Filter>
    </ClInclude>
    <ClInclude Include="Source\File\BinarySaver.h">
      <Filter>头文件</Filter>
    </ClInclude>
    <ClInclude Include="Source\File\FileHelpers.h">
      <Filter>头文件</Filter>
    </ClInclude>
    <ClInclude Include="Source\File\PlatformHelpers.h">
      <Filter>头文件</Filter>
    </ClInclude>
    <ClInclude Include="Source\Math\IntPoint.h">
      <Filter>头文件</Filter>
    </ClInclude>
    <ClInclude Include="Source\Math\Math.h">
      <Filter>头文件</Filter>
    </ClInclude>
    <ClInclude Include="Source\Math\Matrix.h">
      <Filter>头文件</Filter>
    </ClInclude>
    <ClInclude Include="Source\Math\Transform.h">
      <Filter>头文件</Filter>
    </ClInclude>
    <ClInclude Include="Source\Math\Vector2.h">
      <Filter>头文件</Filter>
    </ClInclude>
    <ClInclude Include="Source\Math\Vector3.h">
      <Filter>头文件</Filter>
    </ClInclude>
    <ClInclude Include="Source\Math\Vector4.h">
      <Filter>头文件</Filter>
    </ClInclude>
    <ClInclude Include="Source\Shader\Shader.h">
      <Filter>头文件</Filter>
    </ClInclude>
    <ClInclude Include="Source\TextureLoader\DDS.h">
      <Filter>头文件</Filter>
    </ClInclude>
    <ClInclude Include="Source\TextureLoader\DDSTextureLoader.h">
      <Filter>头文件</Filter>
    </ClInclude>
    <ClInclude Include="Source\TextureLoader\HDRTextureLoader.h">
      <Filter>头文件</Filter>
    </ClInclude>
    <ClInclude Include="Source\TextureLoader\LoaderHelpers.h">
      <Filter>头文件</Filter>
    </ClInclude>
    <ClInclude Include="Source\TextureLoader\stb_image.h">
      <Filter>头文件</Filter>
    </ClInclude>
    <ClInclude Include="Source\TextureLoader\WICTextureLoader.h">
      <Filter>头文件</Filter>
    </ClInclude>
    <ClInclude Include="Source\Texture\Texture.h">
      <Filter>头文件</Filter>
    </ClInclude>
    <ClInclude Include="Source\Texture\TextureInfo.h">
      <Filter>头文件</Filter>
    </ClInclude>
    <ClInclude Include="Source\Texture\TextureRepository.h">
      <Filter>头文件</Filter>
    </ClInclude>
    <ClInclude Include="Source\Utils\FormatConvert.h">
      <Filter>头文件</Filter>
    </ClInclude>
    <ClInclude Include="Source\Utils\Logger.h">
      <Filter>头文件</Filter>
    </ClInclude>
  </ItemGroup>
</Project>